
Microsoft Visual Studio Solution File, Format Version 12.00
# Visual Studio Version 17
VisualStudioVersion = 17.7.34202.233
MinimumVisualStudioVersion = 10.0.40219.1
Project("{FAE04EC0-301F-11D3-BF4B-00C04F79EFBC}") = "ScanLocalNetwork", "ScanLocalNetwork\ScanLocalNetwork.csproj", "{1248FDC0-8654-495F-AB8F-951A57068970}"
EndProject
Global
	GlobalSection(SolutionConfigurationPlatforms) = preSolution
		Debug|Any CPU = Debug|Any CPU
		Release|Any CPU = Release|Any CPU
	EndGlobalSection
	GlobalSection(ProjectConfigurationPlatforms) = postSolution
		{1248FDC0-8654-495F-AB8F-951A57068970}.Debug|Any CPU.ActiveCfg = Debug|Any CPU
		{1248FDC0-8654-495F-AB8F-951A57068970}.Debug|Any CPU.Build.0 = Debug|Any CPU
		{1248FDC0-8654-495F-AB8F-951A57068970}.Release|Any CPU.ActiveCfg = Release|Any CPU
		{1248FDC0-8654-495F-AB8F-951A57068970}.Release|Any CPU.Build.0 = Release|Any CPU
	EndGlobalSection
	GlobalSection(SolutionProperties) = preSolution
		HideSolutionNode = FALSE
	EndGlobalSection
	GlobalSection(ExtensibilityGlobals) = postSolution
		SolutionGuid = {2E9ADAE5-158C-45AD-B0DB-06BE6A7C2CDC}
	EndGlobalSection
EndGlobal
